
Microsoft Visual Studio Solution File, Format Version 12.00
# Visual Studio 15
VisualStudioVersion = 15.0.27428.1
MinimumVisualStudioVersion = 10.0.40219.1
Project("{6989167D-11E4-40FE-8C1A-2192A86A7E90}") = "Stanyskup", "Stanyskup\Stanyskup.vfproj", "{982F99ED-10C4-4343-977C-4BC03A140149}"
EndProject
Global
	GlobalSection(SolutionConfigurationPlatforms) = preSolution
		Debug|x86 = Debug|x86
		Release|x86 = Release|x86
	EndGlobalSection
	GlobalSection(ProjectConfigurationPlatforms) = postSolution
		{982F99ED-10C4-4343-977C-4BC03A140149}.Debug|x86.ActiveCfg = Debug|Win32
		{982F99ED-10C4-4343-977C-4BC03A140149}.Debug|x86.Build.0 = Debug|Win32
		{982F99ED-10C4-4343-977C-4BC03A140149}.Release|x86.ActiveCfg = Release|Win32
		{982F99ED-10C4-4343-977C-4BC03A140149}.Release|x86.Build.0 = Release|Win32
	EndGlobalSection
	GlobalSection(SolutionProperties) = preSolution
		HideSolutionNode = FALSE
	EndGlobalSection
	GlobalSection(ExtensibilityGlobals) = postSolution
		SolutionGuid = {EEE02759-4CDC-41BF-8E1E-536629C80828}
	EndGlobalSection
EndGlobal
